{
  "name": "dashsight",
  "version": "1.6.0",
  "lockfileVersion": 3,
  "requires": true,
  "packages": {
    "": {
      "name": "dashsight",
      "version": "1.6.0",
      "license": "SEE LICENSE IN LICENSE",
      "dependencies": {
        "tough-cookie": "^4.1.2"
      },
      "bin": {
        "dashsight-balance": "bin/balance.js",
        "dashsight-instantsend": "bin/instantsend.js",
        "dashsight-tx": "bin/tx.js",
        "dashsight-txs": "bin/txs.js",
        "dashsight-utxos": "bin/utxos.js"
      },
      "devDependencies": {
        "@dashincubator/base58check": "^1.3.1",
        "@dashincubator/ripemd160": "^2.3.0",
        "@dashincubator/secp256k1": "^1.7.1-1",
        "@types/tough-cookie": "^4.0.2",
        "dashtx": "^0.9.0-3"
      },
      "optionalDependencies": {
        "dotenv": "^16.0.1",
        "ws": "^8.13.0"
      }
    },
    "node_modules/@dashincubator/base58check": {
      "version": "1.3.2",
      "resolved": "https://registry.npmjs.org/@dashincubator/base58check/-/base58check-1.3.2.tgz",
      "integrity": "sha512-Bx/Zu/EHeI4yCsiEhvPe0eYkNuU3NUZfNl07T0XwMnRb8LWJj2IX9FpwhQWJA0t/Vrpfz7gr0JmhY58Cez2Cpw==",
      "dev": true,
      "bin": {
        "base58check": "bin/base58check.js"
      }
    },
    "node_modules/@dashincubator/ripemd160": {
      "version": "2.3.0",
      "resolved": "https://registry.npmjs.org/@dashincubator/ripemd160/-/ripemd160-2.3.0.tgz",
      "integrity": "sha512-SfaUhvXti0Ut6ZhlAwurrRAG56phxqWozj72Hixx/v3LSQj1/wjkgTuDaexil672CzLD+RRWoPgp41BSM+DJJA==",
      "dev": true
    },
    "node_modules/@dashincubator/secp256k1": {
      "version": "1.7.1-5",
      "resolved": "https://registry.npmjs.org/@dashincubator/secp256k1/-/secp256k1-1.7.1-5.tgz",
      "integrity": "sha512-3iA+RDZrJsRFPpWhlYkp3EdoFAlKjdqkNFiRwajMrzcpA/G/IBX0AnC1pwRLkTrM+tUowcyGrkJfT03U4ETZeg==",
      "dev": true
    },
    "node_modules/@types/tough-cookie": {
      "version": "4.0.2",
      "dev": true,
      "license": "MIT"
    },
    "node_modules/dashtx": {
      "version": "0.9.0-3",
      "resolved": "https://registry.npmjs.org/dashtx/-/dashtx-0.9.0-3.tgz",
      "integrity": "sha512-t/8gCOUzp15EJZUNgI2fXB9Opds0pADKDDJ150Sd64IIA2gJyfonS30tjv45qx9qG72IuuExUso6xRdYjAd+MA==",
      "dev": true,
      "bin": {
        "dashtx-inspect": "bin/inspect.js"
      }
    },
    "node_modules/dotenv": {
      "version": "16.0.1",
      "license": "BSD-2-Clause",
      "optional": true,
      "engines": {
        "node": ">=12"
      }
    },
    "node_modules/psl": {
      "version": "1.9.0",
      "resolved": "https://registry.npmjs.org/psl/-/psl-1.9.0.tgz",
      "integrity": "sha512-E/ZsdU4HLs/68gYzgGTkMicWTLPdAftJLfJFlLUAAKZGkStNU72sZjT66SnMDVOfOWY/YAoiD7Jxa9iHvngcag=="
    },
    "node_modules/punycode": {
      "version": "2.3.0",
      "resolved": "https://registry.npmjs.org/punycode/-/punycode-2.3.0.tgz",
      "integrity": "sha512-rRV+zQD8tVFys26lAGR9WUuS4iUAngJScM+ZRSKtvl5tKeZ2t5bvdNFdNHBW9FWR4guGHlgmsZ1G7BSm2wTbuA==",
      "engines": {
        "node": ">=6"
      }
    },
    "node_modules/querystringify": {
      "version": "2.2.0",
      "resolved": "https://registry.npmjs.org/querystringify/-/querystringify-2.2.0.tgz",
      "integrity": "sha512-FIqgj2EUvTa7R50u0rGsyTftzjYmv/a3hO345bZNrqabNqjtgiDMgmo4mkUjd+nzU5oF3dClKqFIPUKybUyqoQ=="
    },
    "node_modules/requires-port": {
      "version": "1.0.0",
      "resolved": "https://registry.npmjs.org/requires-port/-/requires-port-1.0.0.tgz",
      "integrity": "sha512-KigOCHcocU3XODJxsu8i/j8T9tzT4adHiecwORRQ0ZZFcp7ahwXuRU1m+yuO90C5ZUyGeGfocHDI14M3L3yDAQ=="
    },
    "node_modules/tough-cookie": {
      "version": "4.1.2",
      "resolved": "https://registry.npmjs.org/tough-cookie/-/tough-cookie-4.1.2.tgz",
      "integrity": "sha512-G9fqXWoYFZgTc2z8Q5zaHy/vJMjm+WV0AkAeHxVCQiEB1b+dGvWzFW6QV07cY5jQ5gRkeid2qIkzkxUnmoQZUQ==",
      "dependencies": {
        "psl": "^1.1.33",
        "punycode": "^2.1.1",
        "universalify": "^0.2.0",
        "url-parse": "^1.5.3"
      },
      "engines": {
        "node": ">=6"
      }
    },
    "node_modules/universalify": {
      "version": "0.2.0",
      "resolved": "https://registry.npmjs.org/universalify/-/universalify-0.2.0.tgz",
      "integrity": "sha512-CJ1QgKmNg3CwvAv/kOFmtnEN05f0D/cn9QntgNOQlQF9dgvVTHj3t+8JPdjqawCHk7V/KA+fbUqzZ9XWhcqPUg==",
      "engines": {
        "node": ">= 4.0.0"
      }
    },
    "node_modules/url-parse": {
      "version": "1.5.10",
      "resolved": "https://registry.npmjs.org/url-parse/-/url-parse-1.5.10.tgz",
      "integrity": "sha512-WypcfiRhfeUP9vvF0j6rw0J3hrWrw6iZv3+22h6iRMJ/8z1Tj6XfLP4DsUix5MhMPnXpiHDoKyoZ/bdCkwBCiQ==",
      "dependencies": {
        "querystringify": "^2.1.1",
        "requires-port": "^1.0.0"
      }
    },
    "node_modules/ws": {
      "version": "8.13.0",
      "resolved": "https://registry.npmjs.org/ws/-/ws-8.13.0.tgz",
      "integrity": "sha512-x9vcZYTrFPC7aSIbj7sRCYo7L/Xb8Iy+pW0ng0wt2vCJv7M9HOMy0UoN3rr+IFC7hb7vXoqS+P9ktyLLLhO+LA==",
      "optional": true,
      "engines": {
        "node": ">=10.0.0"
      },
      "peerDependencies": {
        "bufferutil": "^4.0.1",
        "utf-8-validate": ">=5.0.2"
      },
      "peerDependenciesMeta": {
        "bufferutil": {
          "optional": true
        },
        "utf-8-validate": {
          "optional": true
        }
      }
    }
  }
}
